
Microsoft Visual Studio Solution File, Format Version 12.00
# Visual Studio Version 16
VisualStudioVersion = 16.0.31729.503
MinimumVisualStudioVersion = 10.0.40219.1
Project("{FAE04EC0-301F-11D3-BF4B-00C04F79EFBC}") = "NotSpotify", "NotSpotify\NotSpotify.csproj", "{C02B63DE-2BBE-4917-9923-DCB4DC4458B7}"
EndProject
Global
	GlobalSection(SolutionConfigurationPlatforms) = preSolution
		Debug|Any CPU = Debug|Any CPU
		Release|Any CPU = Release|Any CPU
	EndGlobalSection
	GlobalSection(ProjectConfigurationPlatforms) = postSolution
		{C02B63DE-2BBE-4917-9923-DCB4DC4458B7}.Debug|Any CPU.ActiveCfg = Debug|Any CPU
		{C02B63DE-2BBE-4917-9923-DCB4DC4458B7}.Debug|Any CPU.Build.0 = Debug|Any CPU
		{C02B63DE-2BBE-4917-9923-DCB4DC4458B7}.Release|Any CPU.ActiveCfg = Release|Any CPU
		{C02B63DE-2BBE-4917-9923-DCB4DC4458B7}.Release|Any CPU.Build.0 = Release|Any CPU
	EndGlobalSection
	GlobalSection(SolutionProperties) = preSolution
		HideSolutionNode = FALSE
	EndGlobalSection
	GlobalSection(ExtensibilityGlobals) = postSolution
		SolutionGuid = {84CB21FA-C079-4CBD-B2AB-4B13C6B8D039}
	EndGlobalSection
EndGlobal
